[[package]]
name = "alabaster"
version = "0.7.12"
description = "A configurable sidebar-enabled Sphinx theme"
category = "dev"
optional = true
python-versions = "*"

[[package]]
name = "arrow"
version = "0.16.0"
description = "Better dates & times for Python"
category = "main"
optional = false
python-versions = ">=2.7, !=3.0.*, !=3.1.*, !=3.2.*, !=3.3.*, !=3.4.*"

[package.dependencies]
python-dateutil = ">=2.7.0"

[[package]]
name = "atomicwrites"
version = "1.2.1"
description = "Atomic file writes."
category = "dev"
optional = false
python-versions = ">=2.7, !=3.0.*, !=3.1.*, !=3.2.*, !=3.3.*"

[[package]]
name = "attrs"
version = "20.3.0"
description = "Classes Without Boilerplate"
category = "dev"
optional = false
python-versions = ">=2.7, !=3.0.*, !=3.1.*, !=3.2.*, !=3.3.*"

[package.extras]
dev = ["coverage[toml] (>=5.0.2)", "hypothesis", "pympler", "pytest (>=4.3.0)", "six", "zope.interface", "furo", "sphinx", "pre-commit"]
docs = ["furo", "sphinx", "zope.interface"]
tests = ["coverage[toml] (>=5.0.2)", "hypothesis", "pympler", "pytest (>=4.3.0)", "six", "zope.interface"]
tests_no_zope = ["coverage[toml] (>=5.0.2)", "hypothesis", "pympler", "pytest (>=4.3.0)", "six"]

[[package]]
name = "babel"
version = "2.6.0"
description = "Internationalization utilities"
category = "dev"
optional = true
python-versions = ">=2.7, !=3.0.*, !=3.1.*, !=3.2.*, !=3.3.*"

[package.dependencies]
pytz = ">=0a"

[[package]]
name = "certifi"
version = "2018.11.29"
description = "Python package for providing Mozilla's CA Bundle."
category = "main"
optional = false
python-versions = "*"

[[package]]
name = "cfgv"
version = "2.0.0"
description = "Validate configuration and produce human readable error messages."
category = "dev"
optional = true
python-versions = ">=2.7, !=3.0.*, !=3.1.*, !=3.2.*, !=3.3.*"

[package.dependencies]
six = "*"

[[package]]
name = "chardet"
version = "3.0.4"
description = "Universal encoding detector for Python 2 and 3"
category = "main"
optional = false
python-versions = "*"

[[package]]
name = "click"
version = "7.0"
description = "Composable command line interface toolkit"
category = "dev"
optional = true
python-versions = ">=2.7, !=3.0.*, !=3.1.*, !=3.2.*, !=3.3.*"

[[package]]
name = "colorama"
version = "0.4.1"
description = "Cross-platform colored terminal text."
category = "dev"
optional = false
python-versions = ">=2.7, !=3.0.*, !=3.1.*, !=3.2.*, !=3.3.*"

[[package]]
name = "coverage"
version = "5.5"
description = "Code coverage measurement for Python"
category = "dev"
optional = false
python-versions = ">=2.7, !=3.0.*, !=3.1.*, !=3.2.*, !=3.3.*, !=3.4.*, <4"

[package.extras]
toml = ["toml"]

[[package]]
name = "docutils"
version = "0.14"
description = "Docutils -- Python Documentation Utilities"
category = "dev"
optional = true
python-versions = "*"

[[package]]
name = "filelock"
version = "3.0.10"
description = "A platform independent file lock."
category = "dev"
optional = false
python-versions = "*"

[[package]]
name = "flake8"
version = "3.6.0"
description = "the modular source code checker: pep8, pyflakes and co"
category = "dev"
optional = false
python-versions = ">=2.7, !=3.0.*, !=3.1.*, !=3.2.*, !=3.3.*"

[package.dependencies]
mccabe = ">=0.6.0,<0.7.0"
pycodestyle = ">=2.4.0,<2.5.0"
pyflakes = ">=2.0.0,<2.1.0"

[[package]]
name = "furl"
version = "2.1.0"
description = "URL manipulation made simple."
category = "main"
optional = false
python-versions = "*"

[package.dependencies]
orderedmultidict = ">=1.0.1"
six = ">=1.8.0"

[[package]]
name = "identify"
version = "1.2.1"
description = "File identification library for Python"
category = "dev"
optional = true
python-versions = "*"

[[package]]
name = "idna"
version = "2.8"
description = "Internationalized Domain Names in Applications (IDNA)"
category = "main"
optional = false
python-versions = ">=2.7, !=3.0.*, !=3.1.*, !=3.2.*, !=3.3.*"

[[package]]
name = "imagesize"
version = "1.1.0"
description = "Getting image size from png/jpeg/jpeg2000/gif file"
category = "dev"
optional = true
python-versions = ">=2.7, !=3.0.*, !=3.1.*, !=3.2.*, !=3.3.*"

[[package]]
name = "importlib-metadata"
version = "0.18"
description = "Read metadata from Python packages"
category = "dev"
optional = false
python-versions = ">=2.7,!=3.0,!=3.1,!=3.2,!=3.3"

[package.dependencies]
zipp = ">=0.5"

[package.extras]
docs = ["sphinx", "docutils (==0.12)", "rst.linker"]

[[package]]
name = "importlib-resources"
version = "1.0.2"
description = "Read resources from Python packages"
category = "dev"
optional = true
python-versions = ">=2.7,!=3.0,!=3.1,!=3.2,!=3.3"

[[package]]
name = "incremental"
version = "17.5.0"
description = ""
category = "dev"
optional = true
python-versions = "*"

[package.extras]
scripts = ["click (>=6.0)", "twisted (>=16.4.0)"]

[[package]]
name = "iniconfig"
version = "1.0.0"
description = "iniconfig: brain-dead simple config-ini parsing"
category = "dev"
optional = false
python-versions = "*"

[[package]]
name = "jinja2"
version = "2.11.3"
description = "A very fast and expressive template engine."
category = "dev"
optional = true
python-versions = ">=2.7, !=3.0.*, !=3.1.*, !=3.2.*, !=3.3.*, !=3.4.*"

[package.dependencies]
MarkupSafe = ">=0.23"

[package.extras]
i18n = ["Babel (>=0.8)"]

[[package]]
name = "markupsafe"
version = "1.1.0"
description = "Safely add untrusted strings to HTML/XML markup."
category = "dev"
optional = true
python-versions = ">=2.7,!=3.0.*,!=3.1.*,!=3.2.*,!=3.3.*"

[[package]]
name = "mccabe"
version = "0.6.1"
description = "McCabe checker, plugin for flake8"
category = "dev"
optional = false
python-versions = "*"

[[package]]
name = "nodeenv"
version = "1.3.3"
description = "Node.js virtual environment builder"
category = "dev"
optional = true
python-versions = "*"

[[package]]
name = "orderedmultidict"
version = "1.0.1"
description = "Ordered Multivalue Dictionary"
category = "main"
optional = false
python-versions = "*"

[package.dependencies]
six = ">=1.8.0"

[[package]]
name = "packaging"
version = "18.0"
description = "Core utilities for Python packages"
category = "dev"
optional = false
python-versions = ">=2.7, !=3.0.*, !=3.1.*, !=3.2.*, !=3.3.*"

[package.dependencies]
pyparsing = ">=2.0.2"
six = "*"

[[package]]
name = "pluggy"
version = "0.12.0"
description = "plugin and hook calling mechanisms for python"
category = "dev"
optional = false
python-versions = ">=2.7, !=3.0.*, !=3.1.*, !=3.2.*, !=3.3.*"

[package.dependencies]
importlib-metadata = ">=0.12"

[package.extras]
dev = ["pre-commit", "tox"]

[[package]]
name = "pre-commit"
version = "2.1.1"
description = "A framework for managing and maintaining multi-language pre-commit hooks."
category = "dev"
optional = true
python-versions = ">=3.6"

[package.dependencies]
cfgv = ">=2.0.0"
identify = ">=1.0.0"
importlib-metadata = {version = "*", markers = "python_version < \"3.8\""}
importlib-resources = {version = "*", markers = "python_version < \"3.7\""}
nodeenv = ">=0.11.1"
pyyaml = ">=5.1"
toml = "*"
virtualenv = ">=15.2"

[[package]]
name = "py"
version = "1.10.0"
description = "library with cross-python path, ini-parsing, io, code, log facilities"
category = "dev"
optional = false
python-versions = ">=2.7, !=3.0.*, !=3.1.*, !=3.2.*, !=3.3.*"

[[package]]
name = "pycodestyle"
version = "2.4.0"
description = "Python style guide checker"
category = "dev"
optional = false
python-versions = "*"

[[package]]
name = "pyflakes"
version = "2.0.0"
description = "passive checker of Python programs"
category = "dev"
optional = false
python-versions = ">=2.7, !=3.0.*, !=3.1.*, !=3.2.*, !=3.3.*"

[[package]]
name = "pygments"
version = "2.3.1"
description = "Pygments is a syntax highlighting package written in Python."
category = "dev"
optional = true
python-versions = "*"

[[package]]
name = "pyparsing"
version = "2.3.1"
description = "Python parsing module"
category = "dev"
optional = false
python-versions = "*"

[[package]]
name = "pytest"
version = "7.0.1"
description = "pytest: simple powerful testing with Python"
category = "dev"
optional = false
python-versions = ">=3.6"

[package.dependencies]
atomicwrites = {version = ">=1.0", markers = "sys_platform == \"win32\""}
attrs = ">=19.2.0"
colorama = {version = "*", markers = "sys_platform == \"win32\""}
importlib-metadata = {version = ">=0.12", markers = "python_version < \"3.8\""}
iniconfig = "*"
packaging = "*"
pluggy = ">=0.12,<2.0"
py = ">=1.8.2"
tomli = ">=1.0.0"

[package.extras]
testing = ["argcomplete", "hypothesis (>=3.56)", "mock", "nose", "pygments (>=2.7.2)", "requests", "xmlschema"]

[[package]]
name = "pytest-cov"
version = "2.11.1"
description = "Pytest plugin for measuring coverage."
category = "dev"
optional = false
python-versions = ">=2.7, !=3.0.*, !=3.1.*, !=3.2.*, !=3.3.*, !=3.4.*"

[package.dependencies]
coverage = ">=5.2.1"
pytest = ">=4.6"

[package.extras]
testing = ["fields", "hunter", "process-tests (==2.0.2)", "six", "pytest-xdist", "virtualenv"]

[[package]]
name = "pytest-flake8"
version = "1.0.7"
description = "pytest plugin to check FLAKE8 requirements"
category = "dev"
optional = false
python-versions = "*"

[package.dependencies]
flake8 = ">=3.5"
pytest = ">=3.5"

[[package]]
name = "pytest-runner"
version = "5.3.0"
description = "Invoke py.test as distutils command with dependency resolution"
category = "dev"
optional = false
python-versions = ">=3.6"

[package.extras]
docs = ["sphinx", "jaraco.packaging (>=8.2)", "rst.linker (>=1.9)"]
testing = ["pytest (>=3.5,!=3.7.3)", "pytest-checkdocs (>=1.2.3)", "pytest-flake8", "pytest-cov", "pytest-enabler", "pytest-virtualenv", "pytest-black (>=0.3.7)", "pytest-mypy"]

[[package]]
name = "python-dateutil"
version = "2.7.5"
description = "Extensions to the standard Python datetime module"
category = "main"
optional = false
python-versions = ">=2.7, !=3.0.*, !=3.1.*, !=3.2.*"

[package.dependencies]
six = ">=1.5"

[[package]]
name = "pytz"
version = "2018.9"
description = "World timezone definitions, modern and historical"
category = "dev"
optional = true
python-versions = "*"

[[package]]
name = "pyyaml"
version = "5.3.1"
description = "YAML parser and emitter for Python"
category = "dev"
optional = true
python-versions = ">=2.7, !=3.0.*, !=3.1.*, !=3.2.*, !=3.3.*, !=3.4.*"

[[package]]
name = "rauth"
version = "0.7.3"
description = "A Python library for OAuth 1.0/a, 2.0, and Ofly."
category = "main"
optional = false
python-versions = "*"

[package.dependencies]
requests = ">=1.2.3"

[[package]]
name = "requests"
version = "2.25.1"
description = "Python HTTP for Humans."
category = "main"
optional = false
python-versions = ">=2.7, !=3.0.*, !=3.1.*, !=3.2.*, !=3.3.*, !=3.4.*"

[package.dependencies]
certifi = ">=2017.4.17"
chardet = ">=3.0.2,<5"
idna = ">=2.5,<3"
urllib3 = ">=1.21.1,<1.27"

[package.extras]
security = ["pyOpenSSL (>=0.14)", "cryptography (>=1.3.4)"]
socks = ["PySocks (>=1.5.6,!=1.5.7)", "win-inet-pton"]

[[package]]
name = "requests-cache"
version = "0.5.2"
description = "Persistent cache for requests library"
category = "main"
optional = false
python-versions = "*"

[package.dependencies]
requests = ">=1.1.0"

[[package]]
name = "responses"
version = "0.10.15"
description = "A utility library for mocking out the `requests` Python library."
category = "dev"
optional = false
python-versions = ">=2.7, !=3.0.*, !=3.1.*, !=3.2.*, !=3.3.*"

[package.dependencies]
requests = ">=2.0"
six = "*"

[package.extras]
tests = ["coverage (>=3.7.1,<5.0.0)", "pytest-cov", "pytest-localserver", "flake8", "pytest (>=4.6,<5.0)", "pytest"]

[[package]]
name = "six"
version = "1.14.0"
description = "Python 2 and 3 compatibility utilities"
category = "main"
optional = false
python-versions = ">=2.7, !=3.0.*, !=3.1.*, !=3.2.*"

[[package]]
name = "snowballstemmer"
version = "1.2.1"
description = "This package provides 16 stemmer algorithms (15 + Poerter English stemmer) generated from Snowball algorithms."
category = "dev"
optional = true
python-versions = "*"

[[package]]
name = "sphinx"
version = "3.1.2"
description = "Python documentation generator"
category = "dev"
optional = true
python-versions = ">=3.5"

[package.dependencies]
alabaster = ">=0.7,<0.8"
babel = ">=1.3"
colorama = {version = ">=0.3.5", markers = "sys_platform == \"win32\""}
docutils = ">=0.12"
imagesize = "*"
Jinja2 = ">=2.3"
packaging = "*"
Pygments = ">=2.0"
requests = ">=2.5.0"
snowballstemmer = ">=1.1"
sphinxcontrib-applehelp = "*"
sphinxcontrib-devhelp = "*"
sphinxcontrib-htmlhelp = "*"
sphinxcontrib-jsmath = "*"
sphinxcontrib-qthelp = "*"
sphinxcontrib-serializinghtml = "*"

[package.extras]
docs = ["sphinxcontrib-websupport"]
lint = ["flake8 (>=3.5.0)", "flake8-import-order", "mypy (>=0.780)", "docutils-stubs"]
test = ["pytest", "pytest-cov", "html5lib", "typed-ast", "cython"]

[[package]]
name = "sphinx-rtd-theme"
version = "0.5.0"
description = "Read the Docs theme for Sphinx"
category = "dev"
optional = true
python-versions = "*"

[package.dependencies]
sphinx = "*"

[package.extras]
dev = ["transifex-client", "sphinxcontrib-httpdomain", "bump2version"]

[[package]]
name = "sphinxcontrib-applehelp"
version = "1.0.1"
description = ""
category = "dev"
optional = true
python-versions = "*"

[package.extras]
test = ["pytest", "flake8", "mypy"]

[[package]]
name = "sphinxcontrib-devhelp"
version = "1.0.1"
description = ""
category = "dev"
optional = true
python-versions = "*"

[package.extras]
test = ["pytest", "flake8", "mypy"]

[[package]]
name = "sphinxcontrib-htmlhelp"
version = "1.0.1"
description = ""
category = "dev"
optional = true
python-versions = "*"

[package.extras]
test = ["pytest", "flake8", "mypy", "html5lib"]

[[package]]
name = "sphinxcontrib-jsmath"
version = "1.0.1"
description = "A sphinx extension which renders display math in HTML via JavaScript"
category = "dev"
optional = true
python-versions = ">=3.5"

[package.extras]
test = ["pytest", "flake8", "mypy"]

[[package]]
name = "sphinxcontrib-qthelp"
version = "1.0.2"
description = ""
category = "dev"
optional = true
python-versions = "*"

[package.extras]
test = ["pytest", "flake8", "mypy"]

[[package]]
name = "sphinxcontrib-serializinghtml"
version = "1.1.1"
description = ""
category = "dev"
optional = true
python-versions = "*"

[package.extras]
test = ["pytest", "flake8", "mypy"]

[[package]]
name = "toml"
version = "0.10.0"
description = "Python Library for Tom's Obvious, Minimal Language"
category = "dev"
optional = false
python-versions = "*"

[[package]]
name = "tomli"
version = "1.2.3"
description = "A lil' TOML parser"
category = "dev"
optional = false
python-versions = ">=3.6"

[[package]]
name = "towncrier"
version = "19.2.0"
description = "Building newsfiles for your project."
category = "dev"
optional = true
python-versions = "*"

[package.dependencies]
Click = "*"
incremental = "*"
jinja2 = "*"
toml = "*"

[[package]]
name = "tox"
version = "3.19.0"
description = "tox is a generic virtualenv management and test command line tool"
category = "dev"
optional = false
python-versions = "!=3.0.*,!=3.1.*,!=3.2.*,!=3.3.*,!=3.4.*,>=2.7"

[package.dependencies]
colorama = {version = ">=0.4.1", markers = "platform_system == \"Windows\""}
filelock = ">=3.0.0"
importlib-metadata = {version = ">=0.12,<2", markers = "python_version < \"3.8\""}
packaging = ">=14"
pluggy = ">=0.12.0"
py = ">=1.4.17"
six = ">=1.14.0"
toml = ">=0.9.4"
virtualenv = ">=16.0.0,<20.0.0 || >20.0.0,<20.0.1 || >20.0.1,<20.0.2 || >20.0.2,<20.0.3 || >20.0.3,<20.0.4 || >20.0.4,<20.0.5 || >20.0.5,<20.0.6 || >20.0.6,<20.0.7 || >20.0.7"

[package.extras]
docs = ["pygments-github-lexers (>=0.0.5)", "sphinx (>=2.0.0)", "sphinxcontrib-autoprogram (>=0.1.5)", "towncrier (>=18.5.0)"]
testing = ["flaky (>=3.4.0)", "freezegun (>=0.3.11)", "pathlib2 (>=2.3.3)", "psutil (>=5.6.1)", "pytest (>=4.0.0)", "pytest-cov (>=2.5.1)", "pytest-mock (>=1.10.0)", "pytest-randomly (>=1.0.0)", "pytest-xdist (>=1.22.2)"]

[[package]]
name = "urllib3"
version = "1.24.2"
description = "HTTP library with thread-safe connection pooling, file post, and more."
category = "main"
optional = false
python-versions = ">=2.7, !=3.0.*, !=3.1.*, !=3.2.*, !=3.3.*, <4"

[package.extras]
secure = ["pyOpenSSL (>=0.14)", "cryptography (>=1.3.4)", "idna (>=2.0.0)", "certifi", "ipaddress"]
socks = ["PySocks (>=1.5.6,!=1.5.7,<2.0)"]

[[package]]
name = "virtualenv"
version = "16.2.0"
description = "Virtual Python Environment builder"
category = "dev"
optional = false
python-versions = ">=2.7, !=3.0.*, !=3.1.*, !=3.2.*, !=3.3.*"

[package.extras]
docs = ["sphinx (>=1.8.0,<2)", "towncrier (>=18.5.0)", "sphinx-rtd-theme (>=0.4.2,<1)"]
testing = ["pytest (>=4.0.0,<5)", "coverage (>=4.5.0,<5)", "six (>=1.10.0,<2)", "pytest-timeout (>=1.3.0,<2)", "pytest-xdist", "mock", "xonsh"]

[[package]]
name = "zipp"
version = "0.5.2"
description = "Backport of pathlib-compatible object wrapper for zip files"
category = "dev"
optional = false
python-versions = ">=2.7"

[package.extras]
docs = ["sphinx", "jaraco.packaging (>=3.2)", "rst.linker (>=1.9)"]
testing = ["pathlib2", "contextlib2", "unittest2"]

[extras]
doc = []
news = []
pre-commit = []
travis-ci = []

[metadata]
lock-version = "1.1"
python-versions = "^3.6"
content-hash = "d433ad236c5ca501b64ae00a4ca295dafb8144b601de6090dee23dfefee5a56b"

[metadata.files]
alabaster = [
    {file = "alabaster-0.7.12-py2.py3-none-any.whl", hash = "sha256:446438bdcca0e05bd45ea2de1668c1d9b032e1a9154c2c259092d77031ddd359"},
    {file = "alabaster-0.7.12.tar.gz", hash = "sha256:a661d72d58e6ea8a57f7a86e37d86716863ee5e92788398526d58b26a4e4dc02"},
]
arrow = [
    {file = "arrow-0.16.0-py2.py3-none-any.whl", hash = "sha256:98184d8dd3e5d30b96c2df4596526f7de679ccb467f358b82b0f686436f3a6b8"},
    {file = "arrow-0.16.0.tar.gz", hash = "sha256:92aac856ea5175c804f7ccb96aca4d714d936f1c867ba59d747a8096ec30e90a"},
]
atomicwrites = [
    {file = "atomicwrites-1.2.1-py2.py3-none-any.whl", hash = "sha256:0312ad34fcad8fac3704d441f7b317e50af620823353ec657a53e981f92920c0"},
    {file = "atomicwrites-1.2.1.tar.gz", hash = "sha256:ec9ae8adaae229e4f8446952d204a3e4b5fdd2d099f9be3aaf556120135fb3ee"},
]
attrs = [
    {file = "attrs-20.3.0-py2.py3-none-any.whl", hash = "sha256:31b2eced602aa8423c2aea9c76a724617ed67cf9513173fd3a4f03e3a929c7e6"},
    {file = "attrs-20.3.0.tar.gz", hash = "sha256:832aa3cde19744e49938b91fea06d69ecb9e649c93ba974535d08ad92164f700"},
]
babel = [
    {file = "Babel-2.6.0-py2.py3-none-any.whl", hash = "sha256:6778d85147d5d85345c14a26aada5e478ab04e39b078b0745ee6870c2b5cf669"},
    {file = "Babel-2.6.0.tar.gz", hash = "sha256:8cba50f48c529ca3fa18cf81fa9403be176d374ac4d60738b839122dfaaa3d23"},
]
certifi = [
    {file = "certifi-2018.11.29-py2.py3-none-any.whl", hash = "sha256:993f830721089fef441cdfeb4b2c8c9df86f0c63239f06bd025a76a7daddb033"},
    {file = "certifi-2018.11.29.tar.gz", hash = "sha256:47f9c83ef4c0c621eaef743f133f09fa8a74a9b75f037e8624f83bd1b6626cb7"},
]
cfgv = [
    {file = "cfgv-2.0.0-py2.py3-none-any.whl", hash = "sha256:3bd31385cd2bebddbba8012200aaf15aa208539f1b33973759b4d02fc2148da5"},
    {file = "cfgv-2.0.0.tar.gz", hash = "sha256:32edbe09de6f4521224b87822103a8c16a614d31a894735f7a5b3bcf0eb3c37e"},
]
chardet = [
    {file = "chardet-3.0.4-py2.py3-none-any.whl", hash = "sha256:fc323ffcaeaed0e0a02bf4d117757b98aed530d9ed4531e3e15460124c106691"},
    {file = "chardet-3.0.4.tar.gz", hash = "sha256:84ab92ed1c4d4f16916e05906b6b75a6c0fb5db821cc65e70cbd64a3e2a5eaae"},
]
click = [
    {file = "Click-7.0-py2.py3-none-any.whl", hash = "sha256:2335065e6395b9e67ca716de5f7526736bfa6ceead690adf616d925bdc622b13"},
    {file = "Click-7.0.tar.gz", hash = "sha256:5b94b49521f6456670fdb30cd82a4eca9412788a93fa6dd6df72c94d5a8ff2d7"},
]
colorama = [
    {file = "colorama-0.4.1-py2.py3-none-any.whl", hash = "sha256:f8ac84de7840f5b9c4e3347b3c1eaa50f7e49c2b07596221daec5edaabbd7c48"},
    {file = "colorama-0.4.1.tar.gz", hash = "sha256:05eed71e2e327246ad6b38c540c4a3117230b19679b875190486ddd2d721422d"},
]
coverage = [
    {file = "coverage-5.5-cp27-cp27m-macosx_10_9_x86_64.whl", hash = "sha256:b6d534e4b2ab35c9f93f46229363e17f63c53ad01330df9f2d6bd1187e5eaacf"},
    {file = "coverage-5.5-cp27-cp27m-manylinux1_i686.whl", hash = "sha256:b7895207b4c843c76a25ab8c1e866261bcfe27bfaa20c192de5190121770672b"},
    {file = "coverage-5.5-cp27-cp27m-manylinux1_x86_64.whl", hash = "sha256:c2723d347ab06e7ddad1a58b2a821218239249a9e4365eaff6649d31180c1669"},
    {file = "coverage-5.5-cp27-cp27m-manylinux2010_i686.whl", hash = "sha256:900fbf7759501bc7807fd6638c947d7a831fc9fdf742dc10f02956ff7220fa90"},
    {file = "coverage-5.5-cp27-cp27m-manylinux2010_x86_64.whl", hash = "sha256:004d1880bed2d97151facef49f08e255a20ceb6f9432df75f4eef018fdd5a78c"},
    {file = "coverage-5.5-cp27-cp27m-win32.whl", hash = "sha256:06191eb60f8d8a5bc046f3799f8a07a2d7aefb9504b0209aff0b47298333302a"},
    {file = "coverage-5.5-cp27-cp27m-win_amd64.whl", hash = "sha256:7501140f755b725495941b43347ba8a2777407fc7f250d4f5a7d2a1050ba8e82"},
    {file = "coverage-5.5-cp27-cp27mu-manylinux1_i686.whl", hash = "sha256:372da284cfd642d8e08ef606917846fa2ee350f64994bebfbd3afb0040436905"},
    {file = "coverage-5.5-cp27-cp27mu-manylinux1_x86_64.whl", hash = "sha256:8963a499849a1fc54b35b1c9f162f4108017b2e6db2c46c1bed93a72262ed083"},
    {file = "coverage-5.5-cp27-cp27mu-manylinux2010_i686.whl", hash = "sha256:869a64f53488f40fa5b5b9dcb9e9b2962a66a87dab37790f3fcfb5144b996ef5"},
    {file = "coverage-5.5-cp27-cp27mu-manylinux2010_x86_64.whl", hash = "sha256:4a7697d8cb0f27399b0e393c0b90f0f1e40c82023ea4d45d22bce7032a5d7b81"},
    {file = "coverage-5.5-cp310-cp310-macosx_10_14_x86_64.whl", hash = "sha256:8d0a0725ad7c1a0bcd8d1b437e191107d457e2ec1084b9f190630a4fb1af78e6"},
    {file = "coverage-5.5-cp310-cp310-manylinux1_x86_64.whl", hash = "sha256:51cb9476a3987c8967ebab3f0fe144819781fca264f57f89760037a2ea191cb0"},
    {file = "coverage-5.5-cp310-cp310-win_amd64.whl", hash = "sha256:c0891a6a97b09c1f3e073a890514d5012eb256845c451bd48f7968ef939bf4ae"},
    {file = "coverage-5.5-cp35-cp35m-macosx_10_9_x86_64.whl", hash = "sha256:3487286bc29a5aa4b93a072e9592f22254291ce96a9fbc5251f566b6b7343cdb"},
    {file = "coverage-5.5-cp35-cp35m-manylinux1_i686.whl", hash = "sha256:deee1077aae10d8fa88cb02c845cfba9b62c55e1183f52f6ae6a2df6a2187160"},
    {file = "coverage-5.5-cp35-cp35m-manylinux1_x86_64.whl", hash = "sha256:f11642dddbb0253cc8853254301b51390ba0081750a8ac03f20ea8103f0c56b6"},
    {file = "coverage-5.5-cp35-cp35m-manylinux2010_i686.whl", hash = "sha256:6c90e11318f0d3c436a42409f2749ee1a115cd8b067d7f14c148f1ce5574d701"},
    {file = "coverage-5.5-cp35-cp35m-manylinux2010_x86_64.whl", hash = "sha256:30c77c1dc9f253283e34c27935fded5015f7d1abe83bc7821680ac444eaf7793"},
    {file = "coverage-5.5-cp35-cp35m-win32.whl", hash = "sha256:9a1ef3b66e38ef8618ce5fdc7bea3d9f45f3624e2a66295eea5e57966c85909e"},
    {file = "coverage-5.5-cp35-cp35m-win_amd64.whl", hash = "sha256:972c85d205b51e30e59525694670de6a8a89691186012535f9d7dbaa230e42c3"},
    {file = "coverage-5.5-cp36-cp36m-macosx_10_9_x86_64.whl", hash = "sha256:af0e781009aaf59e25c5a678122391cb0f345ac0ec272c7961dc5455e1c40066"},
    {file = "coverage-5.5-cp36-cp36m-manylinux1_i686.whl", hash = "sha256:74d881fc777ebb11c63736622b60cb9e4aee5cace591ce274fb69e582a12a61a"},
    {file = "coverage-5.5-cp36-cp36m-manylinux1_x86_64.whl", hash = "sha256:92b017ce34b68a7d67bd6d117e6d443a9bf63a2ecf8567bb3d8c6c7bc5014465"},
    {file = "coverage-5.5-cp36-cp36m-manylinux2010_i686.whl", hash = "sha256:d636598c8305e1f90b439dbf4f66437de4a5e3c31fdf47ad29542478c8508bbb"},
    {file = "coverage-5.5-cp36-cp36m-manylinux2010_x86_64.whl", hash = "sha256:41179b8a845742d1eb60449bdb2992196e211341818565abded11cfa90efb821"},
    {file = "coverage-5.5-cp36-cp36m-win32.whl", hash = "sha256:040af6c32813fa3eae5305d53f18875bedd079960822ef8ec067a66dd8afcd45"},
    {file = "coverage-5.5-cp36-cp36m-win_amd64.whl", hash = "sha256:5fec2d43a2cc6965edc0bb9e83e1e4b557f76f843a77a2496cbe719583ce8184"},
    {file = "coverage-5.5-cp37-cp37m-macosx_10_9_x86_64.whl", hash = "sha256:18ba8bbede96a2c3dde7b868de9dcbd55670690af0988713f0603f037848418a"},
    {file = "coverage-5.5-cp37-cp37m-manylinux1_i686.whl", hash = "sha256:2910f4d36a6a9b4214bb7038d537f015346f413a975d57ca6b43bf23d6563b53"},
    {file = "coverage-5.5-cp37-cp37m-manylinux1_x86_64.whl", hash = "sha256:f0b278ce10936db1a37e6954e15a3730bea96a0997c26d7fee88e6c396c2086d"},
    {file = "coverage-5.5-cp37-cp37m-manylinux2010_i686.whl", hash = "sha256:796c9c3c79747146ebd278dbe1e5c5c05dd6b10cc3bcb8389dfdf844f3ead638"},
    {file = "coverage-5.5-cp37-cp37m-manylinux2010_x86_64.whl", hash = "sha256:53194af30d5bad77fcba80e23a1441c71abfb3e01192034f8246e0d8f99528f3"},
    {file = "coverage-5.5-cp37-cp37m-win32.whl", hash = "sha256:184a47bbe0aa6400ed2d41d8e9ed868b8205046518c52464fde713ea06e3a74a"},
    {file = "coverage-5.5-cp37-cp37m-win_amd64.whl", hash = "sha256:2949cad1c5208b8298d5686d5a85b66aae46d73eec2c3e08c817dd3513e5848a"},
    {file = "coverage-5.5-cp38-cp38-macosx_10_9_x86_64.whl", hash = "sha256:217658ec7187497e3f3ebd901afdca1af062b42cfe3e0dafea4cced3983739f6"},
    {file = "coverage-5.5-cp38-cp38-manylinux1_i686.whl", hash = "sha256:1aa846f56c3d49205c952d8318e76ccc2ae23303351d9270ab220004c580cfe2"},
    {file = "coverage-5.5-cp38-cp38-manylinux1_x86_64.whl", hash = "sha256:24d4a7de75446be83244eabbff746d66b9240ae020ced65d060815fac3423759"},
    {file = "coverage-5.5-cp38-cp38-manylinux2010_i686.whl", hash = "sha256:d1f8bf7b90ba55699b3a5e44930e93ff0189aa27186e96071fac7dd0d06a1873"},
    {file = "coverage-5.5-cp38-cp38-manylinux2010_x86_64.whl", hash = "sha256:970284a88b99673ccb2e4e334cfb38a10aab7cd44f7457564d11898a74b62d0a"},
    {file = "coverage-5.5-cp38-cp38-win32.whl", hash = "sha256:01d84219b5cdbfc8122223b39a954820929497a1cb1422824bb86b07b74594b6"},
    {file = "coverage-5.5-cp38-cp38-win_amd64.whl", hash = "sha256:2e0d881ad471768bf6e6c2bf905d183543f10098e3b3640fc029509530091502"},
    {file = "coverage-5.5-cp39-cp39-macosx_10_9_x86_64.whl", hash = "sha256:d1f9ce122f83b2305592c11d64f181b87153fc2c2bbd3bb4a3dde8303cfb1a6b"},
    {file = "coverage-5.5-cp39-cp39-manylinux1_i686.whl", hash = "sha256:13c4ee887eca0f4c5a247b75398d4114c37882658300e153113dafb1d76de529"},
    {file = "coverage-5.5-cp39-cp39-manylinux1_x86_64.whl", hash = "sha256:52596d3d0e8bdf3af43db3e9ba8dcdaac724ba7b5ca3f6358529d56f7a166f8b"},
    {file = "coverage-5.5-cp39-cp39-manylinux2010_i686.whl", hash = "sha256:2cafbbb3af0733db200c9b5f798d18953b1a304d3f86a938367de1567f4b5bff"},
    {file = "coverage-5.5-cp39-cp39-manylinux2010_x86_64.whl", hash = "sha256:44d654437b8ddd9eee7d1eaee28b7219bec228520ff809af170488fd2fed3e2b"},
    {file = "coverage-5.5-cp39-cp39-win32.whl", hash = "sha256:d314ed732c25d29775e84a960c3c60808b682c08d86602ec2c3008e1202e3bb6"},
    {file = "coverage-5.5-cp39-cp39-win_amd64.whl", hash = "sha256:13034c4409db851670bc9acd836243aeee299949bd5673e11844befcb0149f03"},
    {file = "coverage-5.5-pp36-none-any.whl", hash = "sha256:f030f8873312a16414c0d8e1a1ddff2d3235655a2174e3648b4fa66b3f2f1079"},
    {file = "coverage-5.5-pp37-none-any.whl", hash = "sha256:2a3859cb82dcbda1cfd3e6f71c27081d18aa251d20a17d87d26d4cd216fb0af4"},
    {file = "coverage-5.5.tar.gz", hash = "sha256:ebe78fe9a0e874362175b02371bdfbee64d8edc42a044253ddf4ee7d3c15212c"},
]
docutils = [
    {file = "docutils-0.14-py2-none-any.whl", hash = "sha256:7a4bd47eaf6596e1295ecb11361139febe29b084a87bf005bf899f9a42edc3c6"},
    {file = "docutils-0.14-py3-none-any.whl", hash = "sha256:02aec4bd92ab067f6ff27a38a38a41173bf01bed8f89157768c1573f53e474a6"},
    {file = "docutils-0.14.tar.gz", hash = "sha256:51e64ef2ebfb29cae1faa133b3710143496eca21c530f3f71424d77687764274"},
]
filelock = [
    {file = "filelock-3.0.10-py3-none-any.whl", hash = "sha256:b8d5ca5ca1c815e1574aee746650ea7301de63d87935b3463d26368b76e31633"},
    {file = "filelock-3.0.10.tar.gz", hash = "sha256:d610c1bb404daf85976d7a82eb2ada120f04671007266b708606565dd03b5be6"},
]
flake8 = [
    {file = "flake8-3.6.0-py2.py3-none-any.whl", hash = "sha256:c01f8a3963b3571a8e6bd7a4063359aff90749e160778e03817cd9b71c9e07d2"},
    {file = "flake8-3.6.0.tar.gz", hash = "sha256:6a35f5b8761f45c5513e3405f110a86bea57982c3b75b766ce7b65217abe1670"},
]
furl = [
    {file = "furl-2.1.0-py2.py3-none-any.whl", hash = "sha256:f4d6f1e5479c376a5b7bdc62795d736d8c1b2a754f366a2ad2816e46e946e22e"},
    {file = "furl-2.1.0.tar.gz", hash = "sha256:c0e0231a1feee2acd256574b7033df3144775451c610cb587060d6a0d7e0b621"},
]
identify = [
    {file = "identify-1.2.1-py2.py3-none-any.whl", hash = "sha256:1cf14bc0324d83a742f558051db0c2cbe15d8b9ae1c59dfefbe38935f1d1ee31"},
    {file = "identify-1.2.1.tar.gz", hash = "sha256:0749c74180ef0f6a3874eaa0bf89a6990a523233180e83e6f3c7c27312ac9ba3"},
]
idna = [
    {file = "idna-2.8-py2.py3-none-any.whl", hash = "sha256:ea8b7f6188e6fa117537c3df7da9fc686d485087abf6ac197f9c46432f7e4a3c"},
    {file = "idna-2.8.tar.gz", hash = "sha256:c357b3f628cf53ae2c4c05627ecc484553142ca23264e593d327bcde5e9c3407"},
]
imagesize = [
    {file = "imagesize-1.1.0-py2.py3-none-any.whl", hash = "sha256:3f349de3eb99145973fefb7dbe38554414e5c30abd0c8e4b970a7c9d09f3a1d8"},
    {file = "imagesize-1.1.0.tar.gz", hash = "sha256:f3832918bc3c66617f92e35f5d70729187676313caa60c187eb0f28b8fe5e3b5"},
]
importlib-metadata = [
    {file = "importlib_metadata-0.18-py2.py3-none-any.whl", hash = "sha256:6dfd58dfe281e8d240937776065dd3624ad5469c835248219bd16cf2e12dbeb7"},
    {file = "importlib_metadata-0.18.tar.gz", hash = "sha256:cb6ee23b46173539939964df59d3d72c3e0c1b5d54b84f1d8a7e912fe43612db"},
]
importlib-resources = [
    {file = "importlib_resources-1.0.2-py2.py3-none-any.whl", hash = "sha256:6e2783b2538bd5a14678284a3962b0660c715e5a0f10243fd5e00a4b5974f50b"},
    {file = "importlib_resources-1.0.2.tar.gz", hash = "sha256:d3279fd0f6f847cced9f7acc19bd3e5df54d34f93a2e7bb5f238f81545787078"},
]
incremental = [
    {file = "incremental-17.5.0-py2.py3-none-any.whl", hash = "sha256:717e12246dddf231a349175f48d74d93e2897244939173b01974ab6661406b9f"},
    {file = "incremental-17.5.0.tar.gz", hash = "sha256:7b751696aaf36eebfab537e458929e194460051ccad279c72b755a167eebd4b3"},
]
iniconfig = [
    {file = "iniconfig-1.0.0.tar.gz", hash = "sha256:aa0b40f50a00e72323cb5d41302f9c6165728fd764ac8822aa3fff00a40d56b4"},
]
jinja2 = [
    {file = "Jinja2-2.11.3-py2.py3-none-any.whl", hash = "sha256:03e47ad063331dd6a3f04a43eddca8a966a26ba0c5b7207a9a9e4e08f1b29419"},
    {file = "Jinja2-2.11.3.tar.gz", hash = "sha256:a6d58433de0ae800347cab1fa3043cebbabe8baa9d29e668f1c768cb87a333c6"},
]
markupsafe = [
    {file = "MarkupSafe-1.1.0-cp27-cp27m-macosx_10_6_intel.whl", hash = "sha256:efdc45ef1afc238db84cb4963aa689c0408912a0239b0721cb172b4016eb31d6"},
    {file = "MarkupSafe-1.1.0-cp27-cp27m-manylinux1_i686.whl", hash = "sha256:52ccb45e77a1085ec5461cde794e1aa037df79f473cbc69b974e73940655c8d7"},
    {file = "MarkupSafe-1.1.0-cp27-cp27m-manylinux1_x86_64.whl", hash = "sha256:525396ee324ee2da82919f2ee9c9e73b012f23e7640131dd1b53a90206a0f09c"},
    {file = "MarkupSafe-1.1.0-cp27-cp27m-win32.whl", hash = "sha256:31cbb1359e8c25f9f48e156e59e2eaad51cd5242c05ed18a8de6dbe85184e4b7"},
    {file = "MarkupSafe-1.1.0-cp27-cp27m-win_amd64.whl", hash = "sha256:edce2ea7f3dfc981c4ddc97add8a61381d9642dc3273737e756517cc03e84dd6"},
    {file = "MarkupSafe-1.1.0-cp27-cp27mu-manylinux1_i686.whl", hash = "sha256:5c3fbebd7de20ce93103cb3183b47671f2885307df4a17a0ad56a1dd51273d36"},
    {file = "MarkupSafe-1.1.0-cp27-cp27mu-manylinux1_x86_64.whl", hash = "sha256:f82e347a72f955b7017a39708a3667f106e6ad4d10b25f237396a7115d8ed5fd"},
    {file = "MarkupSafe-1.1.0-cp34-cp34m-macosx_10_6_intel.whl", hash = "sha256:19f637c2ac5ae9da8bfd98cef74d64b7e1bb8a63038a3505cd182c3fac5eb4d9"},
    {file = "MarkupSafe-1.1.0-cp34-cp34m-manylinux1_i686.whl", hash = "sha256:98e439297f78fca3a6169fd330fbe88d78b3bb72f967ad9961bcac0d7fdd1550"},
    {file = "MarkupSafe-1.1.0-cp34-cp34m-manylinux1_x86_64.whl", hash = "sha256:fb7c206e01ad85ce57feeaaa0bf784b97fa3cad0d4a5737bc5295785f5c613a1"},
    {file = "MarkupSafe-1.1.0-cp34-cp34m-win32.whl", hash = "sha256:1fa6058938190ebe8290e5cae6c351e14e7bb44505c4a7624555ce57fbbeba0d"},
    {file = "MarkupSafe-1.1.0-cp34-cp34m-win_amd64.whl", hash = "sha256:e982fe07ede9fada6ff6705af70514a52beb1b2c3d25d4e873e82114cf3c5401"},
    {file = "MarkupSafe-1.1.0-cp35-cp35m-macosx_10_6_intel.whl", hash = "sha256:5e5851969aea17660e55f6a3be00037a25b96a9b44d2083651812c99d53b14d1"},
    {file = "MarkupSafe-1.1.0-cp35-cp35m-manylinux1_i686.whl", hash = "sha256:f137c02498f8b935892d5c0172560d7ab54bc45039de8805075e19079c639a9c"},
    {file = "MarkupSafe-1.1.0-cp35-cp35m-manylinux1_x86_64.whl", hash = "sha256:3e835d8841ae7863f64e40e19477f7eb398674da6a47f09871673742531e6f4b"},
    {file = "MarkupSafe-1.1.0-cp35-cp35m-win32.whl", hash = "sha256:5edfa27b2d3eefa2210fb2f5d539fbed81722b49f083b2c6566455eb7422fd7e"},
    {file = "MarkupSafe-1.1.0-cp35-cp35m-win_amd64.whl", hash = "sha256:857eebb2c1dc60e4219ec8e98dfa19553dae33608237e107db9c6078b1167856"},
    {file = "MarkupSafe-1.1.0-cp36-cp36m-macosx_10_6_intel.whl", hash = "sha256:bf54103892a83c64db58125b3f2a43df6d2cb2d28889f14c78519394feb41492"},
    {file = "MarkupSafe-1.1.0-cp36-cp36m-manylinux1_i686.whl", hash = "sha256:048ef924c1623740e70204aa7143ec592504045ae4429b59c30054cb31e3c432"},
    {file = "MarkupSafe-1.1.0-cp36-cp36m-manylinux1_x86_64.whl", hash = "sha256:83381342bfc22b3c8c06f2dd93a505413888694302de25add756254beee8449c"},
    {file = "MarkupSafe-1.1.0-cp36-cp36m-win32.whl", hash = "sha256:130f844e7f5bdd8e9f3f42e7102ef1d49b2e6fdf0d7526df3f87281a532d8c8b"},
    {file = "MarkupSafe-1.1.0-cp36-cp36m-win_amd64.whl", hash = "sha256:52b07fbc32032c21ad4ab060fec137b76eb804c4b9a1c7c7dc562549306afad2"},
    {file = "MarkupSafe-1.1.0-cp37-cp37m-macosx_10_6_intel.whl", hash = "sha256:1f19ef5d3908110e1e891deefb5586aae1b49a7440db952454b4e281b41620cd"},
    {file = "MarkupSafe-1.1.0-cp37-cp37m-manylinux1_i686.whl", hash = "sha256:1b8a7a87ad1b92bd887568ce54b23565f3fd7018c4180136e1cf412b405a47af"},
    {file = "MarkupSafe-1.1.0-cp37-cp37m-manylinux1_x86_64.whl", hash = "sha256:d9ac82be533394d341b41d78aca7ed0e0f4ba5a2231602e2f05aa87f25c51672"},
    {file = "MarkupSafe-1.1.0-cp37-cp37m-win32.whl", hash = "sha256:1c25694ca680b6919de53a4bb3bdd0602beafc63ff001fea2f2fc16ec3a11834"},
    {file = "MarkupSafe-1.1.0-cp37-cp37m-win_amd64.whl", hash = "sha256:7d263e5770efddf465a9e31b78362d84d015cc894ca2c131901a4445eaa61ee1"},
    {file = "MarkupSafe-1.1.0.tar.gz", hash = "sha256:4e97332c9ce444b0c2c38dd22ddc61c743eb208d916e4265a2a3b575bdccb1d3"},
]
mccabe = [
    {file = "mccabe-0.6.1-py2.py3-none-any.whl", hash = "sha256:ab8a6258860da4b6677da4bd2fe5dc2c659cff31b3ee4f7f5d64e79735b80d42"},
    {file = "mccabe-0.6.1.tar.gz", hash = "sha256:dd8d182285a0fe56bace7f45b5e7d1a6ebcbf524e8f3bd87eb0f125271b8831f"},
]
nodeenv = [
    {file = "nodeenv-1.3.3.tar.gz", hash = "sha256:ad8259494cf1c9034539f6cced78a1da4840a4b157e23640bc4a0c0546b0cb7a"},
]
orderedmultidict = [
    {file = "orderedmultidict-1.0.1-py2.py3-none-any.whl", hash = "sha256:43c839a17ee3cdd62234c47deca1a8508a3f2ca1d0678a3bf791c87cf84adbf3"},
    {file = "orderedmultidict-1.0.1.tar.gz", hash = "sha256:04070bbb5e87291cc9bfa51df413677faf2141c73c61d2a5f7b26bea3cd882ad"},
]
packaging = [
    {file = "packaging-18.0-py2.py3-none-any.whl", hash = "sha256:f95a1e147590f204328170981833854229bb2912ac3d5f89e2a8ccd2834800c9"},
    {file = "packaging-18.0.tar.gz", hash = "sha256:0886227f54515e592aaa2e5a553332c73962917f2831f1b0f9b9f4380a4b9807"},
]
pluggy = [
    {file = "pluggy-0.12.0-py2.py3-none-any.whl", hash = "sha256:b9817417e95936bf75d85d3f8767f7df6cdde751fc40aed3bb3074cbcb77757c"},
    {file = "pluggy-0.12.0.tar.gz", hash = "sha256:0825a152ac059776623854c1543d65a4ad408eb3d33ee114dff91e57ec6ae6fc"},
]
pre-commit = [
    {file = "pre_commit-2.1.1-py2.py3-none-any.whl", hash = "sha256:09ebe467f43ce24377f8c2f200fe3cd2570d328eb2ce0568c8e96ce19da45fa6"},
    {file = "pre_commit-2.1.1.tar.gz", hash = "sha256:f8d555e31e2051892c7f7b3ad9f620bd2c09271d87e9eedb2ad831737d6211eb"},
]
py = [
    {file = "py-1.10.0-py2.py3-none-any.whl", hash = "sha256:3b80836aa6d1feeaa108e046da6423ab8f6ceda6468545ae8d02d9d58d18818a"},
    {file = "py-1.10.0.tar.gz", hash = "sha256:21b81bda15b66ef5e1a777a21c4dcd9c20ad3efd0b3f817e7a809035269e1bd3"},
]
pycodestyle = [
    {file = "pycodestyle-2.4.0-py2.py3-none-any.whl", hash = "sha256:cbc619d09254895b0d12c2c691e237b2e91e9b2ecf5e84c26b35400f93dcfb83"},
    {file = "pycodestyle-2.4.0-py3.6.egg", hash = "sha256:74abc4e221d393ea5ce1f129ea6903209940c1ecd29e002e8c6933c2b21026e0"},
    {file = "pycodestyle-2.4.0.tar.gz", hash = "sha256:cbfca99bd594a10f674d0cd97a3d802a1fdef635d4361e1a2658de47ed261e3a"},
]
pyflakes = [
    {file = "pyflakes-2.0.0-py2.py3-none-any.whl", hash = "sha256:f661252913bc1dbe7fcfcbf0af0db3f42ab65aabd1a6ca68fe5d466bace94dae"},
    {file = "pyflakes-2.0.0.tar.gz", hash = "sha256:9a7662ec724d0120012f6e29d6248ae3727d821bba522a0e6b356eff19126a49"},
]
pygments = [
    {file = "Pygments-2.3.1-py2.py3-none-any.whl", hash = "sha256:e8218dd399a61674745138520d0d4cf2621d7e032439341bc3f647bff125818d"},
    {file = "Pygments-2.3.1.tar.gz", hash = "sha256:5ffada19f6203563680669ee7f53b64dabbeb100eb51b61996085e99c03b284a"},
]
pyparsing = [
    {file = "pyparsing-2.3.1-py2.py3-none-any.whl", hash = "sha256:f6c5ef0d7480ad048c054c37632c67fca55299990fff127850181659eea33fc3"},
    {file = "pyparsing-2.3.1.tar.gz", hash = "sha256:66c9268862641abcac4a96ba74506e594c884e3f57690a696d21ad8210ed667a"},
]
pytest = [
    {file = "pytest-7.0.1-py3-none-any.whl", hash = "sha256:9ce3ff477af913ecf6321fe337b93a2c0dcf2a0a1439c43f5452112c1e4280db"},
    {file = "pytest-7.0.1.tar.gz", hash = "sha256:e30905a0c131d3d94b89624a1cc5afec3e0ba2fbdb151867d8e0ebd49850f171"},
]
pytest-cov = [
    {file = "pytest-cov-2.11.1.tar.gz", hash = "sha256:359952d9d39b9f822d9d29324483e7ba04a3a17dd7d05aa6beb7ea01e359e5f7"},
    {file = "pytest_cov-2.11.1-py2.py3-none-any.whl", hash = "sha256:bdb9fdb0b85a7cc825269a4c56b48ccaa5c7e365054b6038772c32ddcdc969da"},
]
pytest-flake8 = [
    {file = "pytest-flake8-1.0.7.tar.gz", hash = "sha256:f0259761a903563f33d6f099914afef339c085085e643bee8343eb323b32dd6b"},
    {file = "pytest_flake8-1.0.7-py2.py3-none-any.whl", hash = "sha256:c28cf23e7d359753c896745fd4ba859495d02e16c84bac36caa8b1eec58f5bc1"},
]
pytest-runner = [
    {file = "pytest-runner-5.3.0.tar.gz", hash = "sha256:ca3f58ff4957e8be6c54c55d575b235725cbbcf4dc0d5091c29c6444cfc8a5fe"},
    {file = "pytest_runner-5.3.0-py3-none-any.whl", hash = "sha256:448959d9ada752de2b369cf05c1c0f9e6d2027e7d32441187c16c24c1d4d6e77"},
]
python-dateutil = [
    {file = "python-dateutil-2.7.5.tar.gz", hash = "sha256:88f9287c0174266bb0d8cedd395cfba9c58e87e5ad86b2ce58859bc11be3cf02"},
    {file = "python_dateutil-2.7.5-py2.py3-none-any.whl", hash = "sha256:063df5763652e21de43de7d9e00ccf239f953a832941e37be541614732cdfc93"},
]
pytz = [
    {file = "pytz-2018.9-py2.py3-none-any.whl", hash = "sha256:32b0891edff07e28efe91284ed9c31e123d84bea3fd98e1f72be2508f43ef8d9"},
    {file = "pytz-2018.9.tar.gz", hash = "sha256:d5f05e487007e29e03409f9398d074e158d920d36eb82eaf66fb1136b0c5374c"},
]
pyyaml = [
    {file = "PyYAML-5.3.1-cp27-cp27m-win32.whl", hash = "sha256:74809a57b329d6cc0fdccee6318f44b9b8649961fa73144a98735b0aaf029f1f"},
    {file = "PyYAML-5.3.1-cp27-cp27m-win_amd64.whl", hash = "sha256:240097ff019d7c70a4922b6869d8a86407758333f02203e0fc6ff79c5dcede76"},
    {file = "PyYAML-5.3.1-cp35-cp35m-win32.whl", hash = "sha256:4f4b913ca1a7319b33cfb1369e91e50354d6f07a135f3b901aca02aa95940bd2"},
    {file = "PyYAML-5.3.1-cp35-cp35m-win_amd64.whl", hash = "sha256:cc8955cfbfc7a115fa81d85284ee61147059a753344bc51098f3ccd69b0d7e0c"},
    {file = "PyYAML-5.3.1-cp36-cp36m-win32.whl", hash = "sha256:7739fc0fa8205b3ee8808aea45e968bc90082c10aef6ea95e855e10abf4a37b2"},
    {file = "PyYAML-5.3.1-cp36-cp36m-win_amd64.whl", hash = "sha256:69f00dca373f240f842b2931fb2c7e14ddbacd1397d57157a9b005a6a9942648"},
    {file = "PyYAML-5.3.1-cp37-cp37m-win32.whl", hash = "sha256:d13155f591e6fcc1ec3b30685d50bf0711574e2c0dfffd7644babf8b5102ca1a"},
    {file = "PyYAML-5.3.1-cp37-cp37m-win_amd64.whl", hash = "sha256:73f099454b799e05e5ab51423c7bcf361c58d3206fa7b0d555426b1f4d9a3eaf"},
    {file = "PyYAML-5.3.1-cp38-cp38-win32.whl", hash = "sha256:06a0d7ba600ce0b2d2fe2e78453a470b5a6e000a985dd4a4e54e436cc36b0e97"},
    {file = "PyYAML-5.3.1-cp38-cp38-win_amd64.whl", hash = "sha256:95f71d2af0ff4227885f7a6605c37fd53d3a106fcab511b8860ecca9fcf400ee"},
    {file = "PyYAML-5.3.1-cp39-cp39-win32.whl", hash = "sha256:ad9c67312c84def58f3c04504727ca879cb0013b2517c85a9a253f0cb6380c0a"},
    {file = "PyYAML-5.3.1-cp39-cp39-win_amd64.whl", hash = "sha256:6034f55dab5fea9e53f436aa68fa3ace2634918e8b5994d82f3621c04ff5ed2e"},
    {file = "PyYAML-5.3.1.tar.gz", hash = "sha256:b8eac752c5e14d3eca0e6dd9199cd627518cb5ec06add0de9d32baeee6fe645d"},
]
rauth = [
    {file = "rauth-0.7.3-py2-none-any.whl", hash = "sha256:b18590fbd77bc3d871936bbdb851377d1b0c08e337b219c303f8fc2b5a42ef2d"},
    {file = "rauth-0.7.3.tar.gz", hash = "sha256:524cdbc1c28560eacfc9a9d40c59525eb8d00fdf07fbad86107ea24411477b0a"},
]
requests = [
    {file = "requests-2.25.1-py2.py3-none-any.whl", hash = "sha256:c210084e36a42ae6b9219e00e48287def368a26d03a048ddad7bfee44f75871e"},
    {file = "requests-2.25.1.tar.gz", hash = "sha256:27973dd4a904a4f13b263a19c866c13b92a39ed1c964655f025f3f8d3d75b804"},
]
requests-cache = [
    {file = "requests-cache-0.5.2.tar.gz", hash = "sha256:813023269686045f8e01e2289cc1e7e9ae5ab22ddd1e2849a9093ab3ab7270eb"},
    {file = "requests_cache-0.5.2-py2.py3-none-any.whl", hash = "sha256:81e13559baee64677a7d73b85498a5a8f0639e204517b5d05ff378e44a57831a"},
]
responses = [
    {file = "responses-0.10.15-py2.py3-none-any.whl", hash = "sha256:af94d28cdfb48ded0ad82a5216616631543650f440334a693479b8991a6594a2"},
    {file = "responses-0.10.15.tar.gz", hash = "sha256:7bb697a5fedeb41d81e8b87f152d453d5cab42dcd1691b6a7d6097e94d33f373"},
]
six = [
    {file = "six-1.14.0-py2.py3-none-any.whl", hash = "sha256:8f3cd2e254d8f793e7f3d6d9df77b92252b52637291d0f0da013c76ea2724b6c"},
    {file = "six-1.14.0.tar.gz", hash = "sha256:236bdbdce46e6e6a3d61a337c0f8b763ca1e8717c03b369e87a7ec7ce1319c0a"},
]
snowballstemmer = [
    {file = "snowballstemmer-1.2.1-py2.py3-none-any.whl", hash = "sha256:9f3bcd3c401c3e862ec0ebe6d2c069ebc012ce142cce209c098ccb5b09136e89"},
    {file = "snowballstemmer-1.2.1.tar.gz", hash = "sha256:919f26a68b2c17a7634da993d91339e288964f93c274f1343e3bbbe2096e1128"},
]
sphinx = [
    {file = "Sphinx-3.1.2-py3-none-any.whl", hash = "sha256:97dbf2e31fc5684bb805104b8ad34434ed70e6c588f6896991b2fdfd2bef8c00"},
    {file = "Sphinx-3.1.2.tar.gz", hash = "sha256:b9daeb9b39aa1ffefc2809b43604109825300300b987a24f45976c001ba1a8fd"},
]
sphinx-rtd-theme = [
    {file = "sphinx_rtd_theme-0.5.0-py2.py3-none-any.whl", hash = "sha256:373413d0f82425aaa28fb288009bf0d0964711d347763af2f1b65cafcb028c82"},
    {file = "sphinx_rtd_theme-0.5.0.tar.gz", hash = "sha256:22c795ba2832a169ca301cd0a083f7a434e09c538c70beb42782c073651b707d"},
]
sphinxcontrib-applehelp = [
    {file = "sphinxcontrib-applehelp-1.0.1.tar.gz", hash = "sha256:edaa0ab2b2bc74403149cb0209d6775c96de797dfd5b5e2a71981309efab3897"},
    {file = "sphinxcontrib_applehelp-1.0.1-py2.py3-none-any.whl", hash = "sha256:fb8dee85af95e5c30c91f10e7eb3c8967308518e0f7488a2828ef7bc191d0d5d"},
]
sphinxcontrib-devhelp = [
    {file = "sphinxcontrib-devhelp-1.0.1.tar.gz", hash = "sha256:6c64b077937330a9128a4da74586e8c2130262f014689b4b89e2d08ee7294a34"},
    {file = "sphinxcontrib_devhelp-1.0.1-py2.py3-none-any.whl", hash = "sha256:9512ecb00a2b0821a146736b39f7aeb90759834b07e81e8cc23a9c70bacb9981"},
]
sphinxcontrib-htmlhelp = [
    {file = "sphinxcontrib-htmlhelp-1.0.1.tar.gz", hash = "sha256:0d691ca8edf5995fbacfe69b191914256071a94cbad03c3688dca47385c9206c"},
    {file = "sphinxcontrib_htmlhelp-1.0.1-py2.py3-none-any.whl", hash = "sha256:e31c8271f5a8f04b620a500c0442a7d5cfc1a732fa5c10ec363f90fe72af0cb8"},
]
sphinxcontrib-jsmath = [
    {file = "sphinxcontrib-jsmath-1.0.1.tar.gz", hash = "sha256:a9925e4a4587247ed2191a22df5f6970656cb8ca2bd6284309578f2153e0c4b8"},
    {file = "sphinxcontrib_jsmath-1.0.1-py2.py3-none-any.whl", hash = "sha256:2ec2eaebfb78f3f2078e73666b1415417a116cc848b72e5172e596c871103178"},
]
sphinxcontrib-qthelp = [
    {file = "sphinxcontrib-qthelp-1.0.2.tar.gz", hash = "sha256:79465ce11ae5694ff165becda529a600c754f4bc459778778c7017374d4d406f"},
    {file = "sphinxcontrib_qthelp-1.0.2-py2.py3-none-any.whl", hash = "sha256:513049b93031beb1f57d4daea74068a4feb77aa5630f856fcff2e50de14e9a20"},
]
sphinxcontrib-serializinghtml = [
    {file = "sphinxcontrib-serializinghtml-1.1.1.tar.gz", hash = "sha256:392187ac558863b8aff0d76dc78e0731fed58f3b06e2b00e22995dcdb630f213"},
    {file = "sphinxcontrib_serializinghtml-1.1.1-py2.py3-none-any.whl", hash = "sha256:01d9b2617d7e8ddf7a00cae091f08f9fa4db587cc160b493141ee56710810932"},
]
toml = [
    {file = "toml-0.10.0-py2.7.egg", hash = "sha256:f1db651f9657708513243e61e6cc67d101a39bad662eaa9b5546f789338e07a3"},
    {file = "toml-0.10.0-py2.py3-none-any.whl", hash = "sha256:235682dd292d5899d361a811df37e04a8828a5b1da3115886b73cf81ebc9100e"},
    {file = "toml-0.10.0.tar.gz", hash = "sha256:229f81c57791a41d65e399fc06bf0848bab550a9dfd5ed66df18ce5f05e73d5c"},
]
tomli = [
    {file = "tomli-1.2.3-py3-none-any.whl", hash = "sha256:e3069e4be3ead9668e21cb9b074cd948f7b3113fd9c8bba083f48247aab8b11c"},
    {file = "tomli-1.2.3.tar.gz", hash = "sha256:05b6166bff487dc068d322585c7ea4ef78deed501cc124060e0f238e89a9231f"},
]
towncrier = [
    {file = "towncrier-19.2.0-py2.py3-none-any.whl", hash = "sha256:de19da8b8cb44f18ea7ed3a3823087d2af8fcf497151bb9fd1e1b092ff56ed8d"},
    {file = "towncrier-19.2.0.tar.gz", hash = "sha256:48251a1ae66d2cf7e6fa5552016386831b3e12bb3b2d08eb70374508c17a8196"},
]
tox = [
    {file = "tox-3.19.0-py2.py3-none-any.whl", hash = "sha256:3d94b6921a0b6dc90fd8128df83741f30bb41ccd6cd52d131a6a6944ca8f16e6"},
    {file = "tox-3.19.0.tar.gz", hash = "sha256:17e61a93afe5c49281fb969ab71f7a3f22d7586d1c56f9a74219910f356fe7d3"},
]
urllib3 = [
    {file = "urllib3-1.24.2-py2.py3-none-any.whl", hash = "sha256:4c291ca23bbb55c76518905869ef34bdd5f0e46af7afe6861e8375643ffee1a0"},
    {file = "urllib3-1.24.2.tar.gz", hash = "sha256:9a247273df709c4fedb38c711e44292304f73f39ab01beda9f6b9fc375669ac3"},
]
virtualenv = [
    {file = "virtualenv-16.2.0-py2.py3-none-any.whl", hash = "sha256:34b9ae3742abed2f95d3970acf4d80533261d6061b51160b197f84e5b4c98b4c"},
    {file = "virtualenv-16.2.0.tar.gz", hash = "sha256:fa736831a7b18bd2bfeef746beb622a92509e9733d645952da136b0639cd40cd"},
]
zipp = [
    {file = "zipp-0.5.2-py2.py3-none-any.whl", hash = "sha256:8a5712cfd3bb4248015eb3b0b3c54a5f6ee3f2425963ef2a0125b8bc40aafaec"},
    {file = "zipp-0.5.2.tar.gz", hash = "sha256:4970c3758f4e89a7857a973b1e2a5d75bcdc47794442f2e2dd4fe8e0466e809a"},
]
